
Microsoft Visual Studio Solution File, Format Version 12.00
# Visual Studio 15
VisualStudioVersion = 15.0.26124.0
MinimumVisualStudioVersion = 15.0.26124.0
Project("{2150E333-8FDC-42A3-9474-1A3956D46DE8}") = "src", "src", "{376813A5-F628-4160-A87E-8E3D978B5DBE}"
EndProject
Project("{9A19103F-16F7-4668-BE54-9A1E7A4F7556}") = "WebUI", "src\WebUI\WebUI.csproj", "{C4735DD8-C311-45A4-BE25-F25C7969F3A3}"
EndProject
Global
	GlobalSection(SolutionConfigurationPlatforms) = preSolution
		Debug|Any CPU = Debug|Any CPU
		Debug|x64 = Debug|x64
		Debug|x86 = Debug|x86
		Release|Any CPU = Release|Any CPU
		Release|x64 = Release|x64
		Release|x86 = Release|x86
	EndGlobalSection
	GlobalSection(ProjectConfigurationPlatforms) = postSolution
		{C4735DD8-C311-45A4-BE25-F25C7969F3A3}.Debug|Any CPU.ActiveCfg = Debug|Any CPU
		{C4735DD8-C311-45A4-BE25-F25C7969F3A3}.Debug|Any CPU.Build.0 = Debug|Any CPU
		{C4735DD8-C311-45A4-BE25-F25C7969F3A3}.Debug|x64.ActiveCfg = Debug|Any CPU
		{C4735DD8-C311-45A4-BE25-F25C7969F3A3}.Debug|x64.Build.0 = Debug|Any CPU
		{C4735DD8-C311-45A4-BE25-F25C7969F3A3}.Debug|x86.ActiveCfg = Debug|Any CPU
		{C4735DD8-C311-45A4-BE25-F25C7969F3A3}.Debug|x86.Build.0 = Debug|Any CPU
		{C4735DD8-C311-45A4-BE25-F25C7969F3A3}.Release|Any CPU.ActiveCfg = Release|Any CPU
		{C4735DD8-C311-45A4-BE25-F25C7969F3A3}.Release|Any CPU.Build.0 = Release|Any CPU
		{C4735DD8-C311-45A4-BE25-F25C7969F3A3}.Release|x64.ActiveCfg = Release|Any CPU
		{C4735DD8-C311-45A4-BE25-F25C7969F3A3}.Release|x64.Build.0 = Release|Any CPU
		{C4735DD8-C311-45A4-BE25-F25C7969F3A3}.Release|x86.ActiveCfg = Release|Any CPU
		{C4735DD8-C311-45A4-BE25-F25C7969F3A3}.Release|x86.Build.0 = Release|Any CPU
	EndGlobalSection
	GlobalSection(SolutionProperties) = preSolution
		HideSolutionNode = FALSE
	EndGlobalSection
	GlobalSection(NestedProjects) = preSolution
		{C4735DD8-C311-45A4-BE25-F25C7969F3A3} = {376813A5-F628-4160-A87E-8E3D978B5DBE}
	EndGlobalSection
	GlobalSection(ExtensibilityGlobals) = postSolution
		SolutionGuid = {A13D7D21-2414-4771-BEB0-2C711EA295F4}
	EndGlobalSection
EndGlobal
